
Microsoft Visual Studio Solution File, Format Version 12.00
# Visual Studio Version 16
VisualStudioVersion = 16.0.34031.81
MinimumVisualStudioVersion = 10.0.40219.1
Project("{FAE04EC0-301F-11D3-BF4B-00C04F79EFBC}") = "TestConversions", "TestConversions.csproj", "{D50DD6D2-59F3-40AC-8453-16C760CDC063}"
EndProject
Global
	GlobalSection(SolutionConfigurationPlatforms) = preSolution
		Debug|Any CPU = Debug|Any CPU
		Release|Any CPU = Release|Any CPU
	EndGlobalSection
	GlobalSection(ProjectConfigurationPlatforms) = postSolution
		{D50DD6D2-59F3-40AC-8453-16C760CDC063}.Debug|Any CPU.ActiveCfg = Debug|Any CPU
		{D50DD6D2-59F3-40AC-8453-16C760CDC063}.Debug|Any CPU.Build.0 = Debug|Any CPU
		{D50DD6D2-59F3-40AC-8453-16C760CDC063}.Release|Any CPU.ActiveCfg = Release|Any CPU
		{D50DD6D2-59F3-40AC-8453-16C760CDC063}.Release|Any CPU.Build.0 = Release|Any CPU
	EndGlobalSection
	GlobalSection(SolutionProperties) = preSolution
		HideSolutionNode = FALSE
	EndGlobalSection
	GlobalSection(ExtensibilityGlobals) = postSolution
		SolutionGuid = {8CAF50AE-266E-4272-94EB-C1FE63A3011E}
	EndGlobalSection
EndGlobal
